
Microsoft Visual Studio Solution File, Format Version 12.00
# Visual Studio Version 17
VisualStudioVersion = 17.7.34024.191
MinimumVisualStudioVersion = 10.0.40219.1
Project("{FAE04EC0-301F-11D3-BF4B-00C04F79EFBC}") = "PrimtenyezosFelbontas", "PrimtenyezosFelbontas.csproj", "{DE7C3D93-FE9D-4EB9-A0DA-B920C90642AE}"
EndProject
Global
	GlobalSection(SolutionConfigurationPlatforms) = preSolution
		Debug|Any CPU = Debug|Any CPU
		Release|Any CPU = Release|Any CPU
	EndGlobalSection
	GlobalSection(ProjectConfigurationPlatforms) = postSolution
		{DE7C3D93-FE9D-4EB9-A0DA-B920C90642AE}.Debug|Any CPU.ActiveCfg = Debug|Any CPU
		{DE7C3D93-FE9D-4EB9-A0DA-B920C90642AE}.Debug|Any CPU.Build.0 = Debug|Any CPU
		{DE7C3D93-FE9D-4EB9-A0DA-B920C90642AE}.Release|Any CPU.ActiveCfg = Release|Any CPU
		{DE7C3D93-FE9D-4EB9-A0DA-B920C90642AE}.Release|Any CPU.Build.0 = Release|Any CPU
	EndGlobalSection
	GlobalSection(SolutionProperties) = preSolution
		HideSolutionNode = FALSE
	EndGlobalSection
	GlobalSection(ExtensibilityGlobals) = postSolution
		SolutionGuid = {F0C2BC73-3BBF-4E6A-BD04-2CAC996D3FA9}
	EndGlobalSection
EndGlobal
