
Microsoft Visual Studio Solution File, Format Version 12.00
# Visual Studio Version 17
VisualStudioVersion = 17.7.34024.191
MinimumVisualStudioVersion = 10.0.40219.1
Project("{FAE04EC0-301F-11D3-BF4B-00C04F79EFBC}") = "Fuvar", "Fuvar.csproj", "{7534DFC8-1B4E-4BE2-8606-6510EDA2FA5F}"
EndProject
Global
	GlobalSection(SolutionConfigurationPlatforms) = preSolution
		Debug|Any CPU = Debug|Any CPU
		Release|Any CPU = Release|Any CPU
	EndGlobalSection
	GlobalSection(ProjectConfigurationPlatforms) = postSolution
		{7534DFC8-1B4E-4BE2-8606-6510EDA2FA5F}.Debug|Any CPU.ActiveCfg = Debug|Any CPU
		{7534DFC8-1B4E-4BE2-8606-6510EDA2FA5F}.Debug|Any CPU.Build.0 = Debug|Any CPU
		{7534DFC8-1B4E-4BE2-8606-6510EDA2FA5F}.Release|Any CPU.ActiveCfg = Release|Any CPU
		{7534DFC8-1B4E-4BE2-8606-6510EDA2FA5F}.Release|Any CPU.Build.0 = Release|Any CPU
	EndGlobalSection
	GlobalSection(SolutionProperties) = preSolution
		HideSolutionNode = FALSE
	EndGlobalSection
	GlobalSection(ExtensibilityGlobals) = postSolution
		SolutionGuid = {AF4B5B67-E220-4025-9392-D060B8C7CC42}
	EndGlobalSection
EndGlobal
