
Microsoft Visual Studio Solution File, Format Version 12.00
# Visual Studio Version 17
VisualStudioVersion = 17.6.33829.357
MinimumVisualStudioVersion = 10.0.40219.1
Project("{FAE04EC0-301F-11D3-BF4B-00C04F79EFBC}") = "ugralogomb", "ugralogomb\ugralogomb.csproj", "{A7CC3B18-54D6-4D8C-822F-0D5AF9075941}"
EndProject
Global
	GlobalSection(SolutionConfigurationPlatforms) = preSolution
		Debug|Any CPU = Debug|Any CPU
		Release|Any CPU = Release|Any CPU
	EndGlobalSection
	GlobalSection(ProjectConfigurationPlatforms) = postSolution
		{A7CC3B18-54D6-4D8C-822F-0D5AF9075941}.Debug|Any CPU.ActiveCfg = Debug|Any CPU
		{A7CC3B18-54D6-4D8C-822F-0D5AF9075941}.Debug|Any CPU.Build.0 = Debug|Any CPU
		{A7CC3B18-54D6-4D8C-822F-0D5AF9075941}.Release|Any CPU.ActiveCfg = Release|Any CPU
		{A7CC3B18-54D6-4D8C-822F-0D5AF9075941}.Release|Any CPU.Build.0 = Release|Any CPU
	EndGlobalSection
	GlobalSection(SolutionProperties) = preSolution
		HideSolutionNode = FALSE
	EndGlobalSection
	GlobalSection(ExtensibilityGlobals) = postSolution
		SolutionGuid = {994EF599-651A-4345-94CF-0A07D115B5A5}
	EndGlobalSection
EndGlobal
